
Microsoft Visual Studio Solution File, Format Version 12.00
# Visual Studio Version 17
VisualStudioVersion = 17.6.33723.286
MinimumVisualStudioVersion = 10.0.40219.1
Project("{FAE04EC0-301F-11D3-BF4B-00C04F79EFBC}") = "veterinaria-backend", "veterinaria-backend\veterinaria-backend.csproj", "{97AA1442-E212-4F69-BC23-DD60C70A7DE5}"
EndProject
Global
	GlobalSection(SolutionConfigurationPlatforms) = preSolution
		Debug|Any CPU = Debug|Any CPU
		Release|Any CPU = Release|Any CPU
	EndGlobalSection
	GlobalSection(ProjectConfigurationPlatforms) = postSolution
		{97AA1442-E212-4F69-BC23-DD60C70A7DE5}.Debug|Any CPU.ActiveCfg = Debug|Any CPU
		{97AA1442-E212-4F69-BC23-DD60C70A7DE5}.Debug|Any CPU.Build.0 = Debug|Any CPU
		{97AA1442-E212-4F69-BC23-DD60C70A7DE5}.Release|Any CPU.ActiveCfg = Release|Any CPU
		{97AA1442-E212-4F69-BC23-DD60C70A7DE5}.Release|Any CPU.Build.0 = Release|Any CPU
	EndGlobalSection
	GlobalSection(SolutionProperties) = preSolution
		HideSolutionNode = FALSE
	EndGlobalSection
	GlobalSection(ExtensibilityGlobals) = postSolution
		SolutionGuid = {89B482DE-8AA7-41FC-B0F8-03324A7681FA}
	EndGlobalSection
EndGlobal
